// !$*UTF8*$!
{
	archiveVersion = 1;
	classes = {
	};
	objectVersion = 46;
	objects = {

/* Begin PBXBuildFile section */
		FF2983911D10B18B008CD6C2 /* AppDelegate.swift in Sources */ = {isa = PBXBuildFile; fileRef = FF2983901D10B18B008CD6C2 /* AppDelegate.swift */; };
		FF2983931D10B18B008CD6C2 /* ViewController.swift in Sources */ = {isa = PBXBuildFile; fileRef = FF2983921D10B18B008CD6C2 /* ViewController.swift */; };
		FF2983961D10B18B008CD6C2 /* Main.storyboard in Resources */ = {isa = PBXBuildFile; fileRef = FF2983941D10B18B008CD6C2 /* Main.storyboard */; };
		FF2983981D10B18B008CD6C2 /* Assets.xcassets in Resources */ = {isa = PBXBuildFile; fileRef = FF2983971D10B18B008CD6C2 /* Assets.xcassets */; };
		FF29839B1D10B18B008CD6C2 /* LaunchScreen.storyboard in Resources */ = {isa = PBXBuildFile; fileRef = FF2983991D10B18B008CD6C2 /* LaunchScreen.storyboard */; };
		FF2983A61D10B18B008CD6C2 /* tippyTests.swift in Sources */ = {isa = PBXBuildFile; fileRef = FF2983A51D10B18B008CD6C2 /* tippyTests.swift */; };
		FF2983B11D10B18B008CD6C2 /* tippyUITests.swift in Sources */ = {isa = PBXBuildFile; fileRef = FF2983B01D10B18B008CD6C2 /* tippyUITests.swift */; };
/* End PBXBuildFile section */

/* Begin PBXContainerItemProxy section */
		FF2983A21D10B18B008CD6C2 /* PBXContainerItemProxy */ = {
			isa = PBXContainerItemProxy;
			containerPortal = FF2983851D10B18A008CD6C2 /* Project object */;
			proxyType = 1;
			remoteGlobalIDString = FF29838C1D10B18A008CD6C2;
			remoteInfo = tippy;
		};
		FF2983AD1D10B18B008CD6C2 /* PBXContainerItemProxy */ = {
			isa = PBXContainerItemProxy;
			containerPortal = FF2983851D10B18A008CD6C2 /* Project object */;
			proxyType = 1;
			remoteGlobalIDString = FF29838C1D10B18A008CD6C2;
			remoteInfo = tippy;
		};
/* End PBXContainerItemProxy section */

/* Begin PBXFileReference section */
		FF29838D1D10B18B008CD6C2 /* tippy.app */ = {isa = PBXFileReference; explicitFileType = wrapper.application; includeInIndex = 0; path = tippy.app; sourceTree = BUILT_PRODUCTS_DIR; };
		FF2983901D10B18B008CD6C2 /* AppDelegate.swift */ = {isa = PBXFileReference; lastKnownFileType = sourcecode.swift; path = AppDelegate.swift; sourceTree = "<group>"; };
		FF2983921D10B18B008CD6C2 /* ViewController.swift */ = {isa = PBXFileReference; lastKnownFileType = sourcecode.swift; path = ViewController.swift; sourceTree = "<group>"; };
		FF2983951D10B18B008CD6C2 /* Base */ = {isa = PBXFileReference; lastKnownFileType = file.storyboard; name = Base; path = Base.lproj/Main.storyboard; sourceTree = "<group>"; };
		FF2983971D10B18B008CD6C2 /* Assets.xcassets */ = {isa = PBXFileReference; lastKnownFileType = folder.assetcatalog; path = Assets.xcassets; sourceTree = "<group>"; };
		FF29839A1D10B18B008CD6C2 /* Base */ = {isa = PBXFileReference; lastKnownFileType = file.storyboard; name = Base; path = Base.lproj/LaunchScreen.storyboard; sourceTree = "<group>"; };
		FF29839C1D10B18B008CD6C2 /* Info.plist */ = {isa = PBXFileReference; lastKnownFileType = text.plist.xml; path = Info.plist; sourceTree = "<group>"; };
		FF2983A11D10B18B008CD6C2 /* tippyTests.xctest */ = {isa = PBXFileReference; explicitFileType = wrapper.cfbundle; includeInIndex = 0; path = tippyTests.xctest; sourceTree = BUILT_PRODUCTS_DIR; };
		FF2983A51D10B18B008CD6C2 /* tippyTests.swift */ = {isa = PBXFileReference; lastKnownFileType = sourcecode.swift; path = tippyTests.swift; sourceTree = "<group>"; };
		FF2983A71D10B18B008CD6C2 /* Info.plist */ = {isa = PBXFileReference; lastKnownFileType = text.plist.xml; path = Info.plist; sourceTree = "<group>"; };
		FF2983AC1D10B18B008CD6C2 /* tippyUITests.xctest */ = {isa = PBXFileReference; explicitFileType = wrapper.cfbundle; includeInIndex = 0; path = tippyUITests.xctest; sourceTree = BUILT_PRODUCTS_DIR; };
		FF2983B01D10B18B008CD6C2 /* tippyUITests.swift */ = {isa = PBXFileReference; lastKnownFileType = sourcecode.swift; path = tippyUITests.swift; sourceTree = "<group>"; };
		FF2983B21D10B18B008CD6C2 /* Info.plist */ = {isa = PBXFileReference; lastKnownFileType = text.plist.xml; path = Info.plist; sourceTree = "<group>"; };
/* End PBXFileReference section */

/* Begin PBXFrameworksBuildPhase section */
		FF29838A1D10B18A008CD6C2 /* Frameworks */ = {
			isa = PBXFrameworksBuildPhase;
			buildActionMask = 2147483647;
			files = (
			);
			runOnlyForDeploymentPostprocessing = 0;
		};
		FF29839E1D10B18B008CD6C2 /* Frameworks */ = {
			isa = PBXFrameworksBuildPhase;
			buildActionMask = 2147483647;
			files = (
			);
			runOnlyForDeploymentPostprocessing = 0;
		};
		FF2983A91D10B18B008CD6C2 /* Frameworks */ = {
			isa = PBXFrameworksBuildPhase;
			buildActionMask = 2147483647;
			files = (
			);
			runOnlyForDeploymentPostprocessing = 0;
		};
/* End PBXFrameworksBuildPhase section */

/* Begin PBXGroup section */
		FF2983841D10B18A008CD6C2 = {
			isa = PBXGroup;
			children = (
				FF29838F1D10B18B008CD6C2 /* tippy */,
				FF2983A41D10B18B008CD6C2 /* tippyTests */,
				FF2983AF1D10B18B008CD6C2 /* tippyUITests */,
				FF29838E1D10B18B008CD6C2 /* Products */,
			);
			sourceTree = "<group>";
		};
		FF29838E1D10B18B008CD6C2 /* Products */ = {
			isa = PBXGroup;
			children = (
				FF29838D1D10B18B008CD6C2 /* tippy.app */,
				FF2983A11D10B18B008CD6C2 /* tippyTests.xctest */,
				FF2983AC1D10B18B008CD6C2 /* tippyUITests.xctest */,
			);
			name = Products;
			sourceTree = "<group>";
		};
		FF29838F1D10B18B008CD6C2 /* tippy */ = {
			isa = PBXGroup;
			children = (
				FF2983901D10B18B008CD6C2 /* AppDelegate.swift */,
				FF2983921D10B18B008CD6C2 /* ViewController.swift */,
				FF2983941D10B18B008CD6C2 /* Main.storyboard */,
				FF2983971D10B18B008CD6C2 /* Assets.xcassets */,
				FF2983991D10B18B008CD6C2 /* LaunchScreen.storyboard */,
				FF29839C1D10B18B008CD6C2 /* Info.plist */,
			);
			path = tippy;
			sourceTree = "<group>";
		};
		FF2983A41D10B18B008CD6C2 /* tippyTests */ = {
			isa = PBXGroup;
			children = (
				FF2983A51D10B18B008CD6C2 /* tippyTests.swift */,
				FF2983A71D10B18B008CD6C2 /* Info.plist */,
			);
			path = tippyTests;
			sourceTree = "<group>";
		};
		FF2983AF1D10B18B008CD6C2 /* tippyUITests */ = {
			isa = PBXGroup;
			children = (
				FF2983B01D10B18B008CD6C2 /* tippyUITests.swift */,
				FF2983B21D10B18B008CD6C2 /* Info.plist */,
			);
			path = tippyUITests;
			sourceTree = "<group>";
		};
/* End PBXGroup section */

/* Begin PBXNativeTarget section */
		FF29838C1D10B18A008CD6C2 /* tippy */ = {
			isa = PBXNativeTarget;
			buildConfigurationList = FF2983B51D10B18B008CD6C2 /* Build configuration list for PBXNativeTarget "tippy" */;
			buildPhases = (
				FF2983891D10B18A008CD6C2 /* Sources */,
				FF29838A1D10B18A008CD6C2 /* Frameworks */,
				FF29838B1D10B18A008CD6C2 /* Resources */,
			);
			buildRules = (
			);
			dependencies = (
			);
			name = tippy;
			productName = tippy;
			productReference = FF29838D1D10B18B008CD6C2 /* tippy.app */;
			productType = "com.apple.product-type.application";
		};
		FF2983A01D10B18B008CD6C2 /* tippyTests */ = {
			isa = PBXNativeTarget;
			buildConfigurationList = FF2983B81D10B18B008CD6C2 /* Build configuration list for PBXNativeTarget "tippyTests" */;
			buildPhases = (
				FF29839D1D10B18B008CD6C2 /* Sources */,
				FF29839E1D10B18B008CD6C2 /* Frameworks */,
				FF29839F1D10B18B008CD6C2 /* Resources */,
			);
			buildRules = (
			);
			dependencies = (
				FF2983A31D10B18B008CD6C2 /* PBXTargetDependency */,
			);
			name = tippyTests;
			productName = tippyTests;
			productReference = FF2983A11D10B18B008CD6C2 /* tippyTests.xctest */;
			productType = "com.apple.product-type.bundle.unit-test";
		};
		FF2983AB1D10B18B008CD6C2 /* tippyUITests */ = {
			isa = PBXNativeTarget;
			buildConfigurationList = FF2983BB1D10B18B008CD6C2 /* Build configuration list for PBXNativeTarget "tippyUITests" */;
			buildPhases = (
				FF2983A81D10B18B008CD6C2 /* Sources */,
				FF2983A91D10B18B008CD6C2 /* Frameworks */,
				FF2983AA1D10B18B008CD6C2 /* Resources */,
			);
			buildRules = (
			);
			dependencies = (
				FF2983AE1D10B18B008CD6C2 /* PBXTargetDependency */,
			);
			name = tippyUITests;
			productName = tippyUITests;
			productReference = FF2983AC1D10B18B008CD6C2 /* tippyUITests.xctest */;
			productType = "com.apple.product-type.bundle.ui-testing";
		};
/* End PBXNativeTarget section */

/* Begin PBXProject section */
		FF2983851D10B18A008CD6C2 /* Project object */ = {
			isa = PBXProject;
			attributes = {
				LastSwiftUpdateCheck = 0730;
				LastUpgradeCheck = 0730;
				ORGANIZATIONNAME = "Baula Xu";
				TargetAttributes = {
					FF29838C1D10B18A008CD6C2 = {
						CreatedOnToolsVersion = 7.3.1;
					};
					FF2983A01D10B18B008CD6C2 = {
						CreatedOnToolsVersion = 7.3.1;
						TestTargetID = FF29838C1D10B18A008CD6C2;
					};
					FF2983AB1D10B18B008CD6C2 = {
						CreatedOnToolsVersion = 7.3.1;
						TestTargetID = FF29838C1D10B18A008CD6C2;
					};
				};
			};
			buildConfigurationList = FF2983881D10B18A008CD6C2 /* Build configuration list for PBXProject "tippy" */;
			compatibilityVersion = "Xcode 3.2";
			developmentRegion = English;
			hasScannedForEncodings = 0;
			knownRegions = (
				en,
				Base,
			);
			mainGroup = FF2983841D10B18A008CD6C2;
			productRefGroup = FF29838E1D10B18B008CD6C2 /* Products */;
			projectDirPath = "";
			projectRoot = "";
			targets = (
				FF29838C1D10B18A008CD6C2 /* tippy */,
				FF2983A01D10B18B008CD6C2 /* tippyTests */,
				FF2983AB1D10B18B008CD6C2 /* tippyUITests */,
			);
		};
/* End PBXProject section */

/* Begin PBXResourcesBuildPhase section */
		FF29838B1D10B18A008CD6C2 /* Resources */ = {
			isa = PBXResourcesBuildPhase;
			buildActionMask = 2147483647;
			files = (
				FF29839B1D10B18B008CD6C2 /* LaunchScreen.storyboard in Resources */,
				FF2983981D10B18B008CD6C2 /* Assets.xcassets in Resources */,
				FF2983961D10B18B008CD6C2 /* Main.storyboard in Resources */,
			);
			runOnlyForDeploymentPostprocessing = 0;
		};
		FF29839F1D10B18B008CD6C2 /* Resources */ = {
			isa = PBXResourcesBuildPhase;
			buildActionMask = 2147483647;
			files = (
			);
			runOnlyForDeploymentPostprocessing = 0;
		};
		FF2983AA1D10B18B008CD6C2 /* Resources */ = {
			isa = PBXResourcesBuildPhase;
			buildActionMask = 2147483647;
			files = (
			);
			runOnlyForDeploymentPostprocessing = 0;
		};
/* End PBXResourcesBuildPhase section */

/* Begin PBXSourcesBuildPhase section */
		FF2983891D10B18A008CD6C2 /* Sources */ = {
			isa = PBXSourcesBuildPhase;
			buildActionMask = 2147483647;
			files = (
				FF2983931D10B18B008CD6C2 /* ViewController.swift in Sources */,
				FF2983911D10B18B008CD6C2 /* AppDelegate.swift in Sources */,
			);
			runOnlyForDeploymentPostprocessing = 0;
		};
		FF29839D1D10B18B008CD6C2 /* Sources */ = {
			isa = PBXSourcesBuildPhase;
			buildActionMask = 2147483647;
			files = (
				FF2983A61D10B18B008CD6C2 /* tippyTests.swift in Sources */,
			);
			runOnlyForDeploymentPostprocessing = 0;
		};
		FF2983A81D10B18B008CD6C2 /* Sources */ = {
			isa = PBXSourcesBuildPhase;
			buildActionMask = 2147483647;
			files = (
				FF2983B11D10B18B008CD6C2 /* tippyUITests.swift in Sources */,
			);
			runOnlyForDeploymentPostprocessing = 0;
		};
/* End PBXSourcesBuildPhase section */

/* Begin PBXTargetDependency section */
		FF2983A31D10B18B008CD6C2 /* PBXTargetDependency */ = {
			isa = PBXTargetDependency;
			target = FF29838C1D10B18A008CD6C2 /* tippy */;
			targetProxy = FF2983A21D10B18B008CD6C2 /* PBXContainerItemProxy */;
		};
		FF2983AE1D10B18B008CD6C2 /* PBXTargetDependency */ = {
			isa = PBXTargetDependency;
			target = FF29838C1D10B18A008CD6C2 /* tippy */;
			targetProxy = FF2983AD1D10B18B008CD6C2 /* PBXContainerItemProxy */;
		};
/* End PBXTargetDependency section */

/* Begin PBXVariantGroup section */
		FF2983941D10B18B008CD6C2 /* Main.storyboard */ = {
			isa = PBXVariantGroup;
			children = (
				FF2983951D10B18B008CD6C2 /* Base */,
			);
			name = Main.storyboard;
			sourceTree = "<group>";
		};
		FF2983991D10B18B008CD6C2 /* LaunchScreen.storyboard */ = {
			isa = PBXVariantGroup;
			children = (
				FF29839A1D10B18B008CD6C2 /* Base */,
			);
			name = LaunchScreen.storyboard;
			sourceTree = "<group>";
		};
/* End PBXVariantGroup section */

/* Begin XCBuildConfiguration section */
		FF2983B31D10B18B008CD6C2 /* Debug */ = {
			isa = XCBuildConfiguration;
			buildSettings = {
				ALWAYS_SEARCH_USER_PATHS = NO;
				CLANG_ANALYZER_NONNULL = YES;
				CLANG_CXX_LANGUAGE_STANDARD = "gnu++0x";
				CLANG_CXX_LIBRARY = "libc++";
				CLANG_ENABLE_MODULES = YES;
				CLANG_ENABLE_OBJC_ARC = YES;
				CLANG_WARN_BOOL_CONVERSION = YES;
				CLANG_WARN_CONSTANT_CONVERSION = YES;
				CLANG_WARN_DIRECT_OBJC_ISA_USAGE = YES_ERROR;
				CLANG_WARN_EMPTY_BODY = YES;
				CLANG_WARN_ENUM_CONVERSION = YES;
				CLANG_WARN_INT_CONVERSION = YES;
				CLANG_WARN_OBJC_ROOT_CLASS = YES_ERROR;
				CLANG_WARN_UNREACHABLE_CODE = YES;
				CLANG_WARN__DUPLICATE_METHOD_MATCH = YES;
				"CODE_SIGN_IDENTITY[sdk=iphoneos*]" = "iPhone Developer";
				COPY_PHASE_STRIP = NO;
				DEBUG_INFORMATION_FORMAT = dwarf;
				ENABLE_STRICT_OBJC_MSGSEND = YES;
				ENABLE_TESTABILITY = YES;
				GCC_C_LANGUAGE_STANDARD = gnu99;
				GCC_DYNAMIC_NO_PIC = NO;
				GCC_NO_COMMON_BLOCKS = YES;
				GCC_OPTIMIZATION_LEVEL = 0;
				GCC_PREPROCESSOR_DEFINITIONS = (
					"DEBUG=1",
					"$(inherited)",
				);
				GCC_WARN_64_TO_32_BIT_CONVERSION = YES;
				GCC_WARN_ABOUT_RETURN_TYPE = YES_ERROR;
				GCC_WARN_UNDECLARED_SELECTOR = YES;
				GCC_WARN_UNINITIALIZED_AUTOS = YES_AGGRESSIVE;
				GCC_WARN_UNUSED_FUNCTION = YES;
				GCC_WARN_UNUSED_VARIABLE = YES;
				IPHONEOS_DEPLOYMENT_TARGET = 9.3;
				MTL_ENABLE_DEBUG_INFO = YES;
				ONLY_ACTIVE_ARCH = YES;
				SDKROOT = iphoneos;
				SWIFT_OPTIMIZATION_LEVEL = "-Onone";
			};
			name = Debug;
		};
		FF2983B41D10B18B008CD6C2 /* Release */ = {
			isa = XCBuildConfiguration;
			buildSettings = {
				ALWAYS_SEARCH_USER_PATHS = NO;
				CLANG_ANALYZER_NONNULL = YES;
				CLANG_CXX_LANGUAGE_STANDARD = "gnu++0x";
				CLANG_CXX_LIBRARY = "libc++";
				CLANG_ENABLE_MODULES = YES;
				CLANG_ENABLE_OBJC_ARC = YES;
				CLANG_WARN_BOOL_CONVERSION = YES;
				CLANG_WARN_CONSTANT_CONVERSION = YES;
				CLANG_WARN_DIRECT_OBJC_ISA_USAGE = YES_ERROR;
				CLANG_WARN_EMPTY_BODY = YES;
				CLANG_WARN_ENUM_CONVERSION = YES;
				CLANG_WARN_INT_CONVERSION = YES;
				CLANG_WARN_OBJC_ROOT_CLASS = YES_ERROR;
				CLANG_WARN_UNREACHABLE_CODE = YES;
				CLANG_WARN__DUPLICATE_METHOD_MATCH = YES;
				"CODE_SIGN_IDENTITY[sdk=iphoneos*]" = "iPhone Developer";
				COPY_PHASE_STRIP = NO;
				DEBUG_INFORMATION_FORMAT = "dwarf-with-dsym";
				ENABLE_NS_ASSERTIONS = NO;
				ENABLE_STRICT_OBJC_MSGSEND = YES;
				GCC_C_LANGUAGE_STANDARD = gnu99;
				GCC_NO_COMMON_BLOCKS = YES;
				GCC_WARN_64_TO_32_BIT_CONVERSION = YES;
				GCC_WARN_ABOUT_RETURN_TYPE = YES_ERROR;
				GCC_WARN_UNDECLARED_SELECTOR = YES;
				GCC_WARN_UNINITIALIZED_AUTOS = YES_AGGRESSIVE;
				GCC_WARN_UNUSED_FUNCTION = YES;
				GCC_WARN_UNUSED_VARIABLE = YES;
				IPHONEOS_DEPLOYMENT_TARGET = 9.3;
				MTL_ENABLE_DEBUG_INFO = NO;
				SDKROOT = iphoneos;
				VALIDATE_PRODUCT = YES;
			};
			name = Release;
		};
		FF2983B61D10B18B008CD6C2 /* Debug */ = {
			isa = XCBuildConfiguration;
			buildSettings = {
				ASSETCATALOG_COMPILER_APPICON_NAME = AppIcon;
				INFOPLIST_FILE = tippy/Info.plist;
				LD_RUNPATH_SEARCH_PATHS = "$(inherited) @executable_path/Frameworks";
				PRODUCT_BUNDLE_IDENTIFIER = com.codepath.tippy;
				PRODUCT_NAME = "$(TARGET_NAME)";
			};
			name = Debug;
		};
		FF2983B71D10B18B008CD6C2 /* Release */ = {
			isa = XCBuildConfiguration;
			buildSettings = {
				ASSETCATALOG_COMPILER_APPICON_NAME = AppIcon;
				INFOPLIST_FILE = tippy/Info.plist;
				LD_RUNPATH_SEARCH_PATHS = "$(inherited) @executable_path/Frameworks";
				PRODUCT_BUNDLE_IDENTIFIER = com.codepath.tippy;
				PRODUCT_NAME = "$(TARGET_NAME)";
			};
			name = Release;
		};
		FF2983B91D10B18B008CD6C2 /* Debug */ = {
			isa = XCBuildConfiguration;
			buildSettings = {
				BUNDLE_LOADER = "$(TEST_HOST)";
				INFOPLIST_FILE = tippyTests/Info.plist;
				LD_RUNPATH_SEARCH_PATHS = "$(inherited) @executable_path/Frameworks @loader_path/Frameworks";
				PRODUCT_BUNDLE_IDENTIFIER = com.codepath.tippyTests;
				PRODUCT_NAME = "$(TARGET_NAME)";
				TEST_HOST = "$(BUILT_PRODUCTS_DIR)/tippy.app/tippy";
			};
			name = Debug;
		};
		FF2983BA1D10B18B008CD6C2 /* Release */ = {
			isa = XCBuildConfiguration;
			buildSettings = {
				BUNDLE_LOADER = "$(TEST_HOST)";
				INFOPLIST_FILE = tippyTests/Info.plist;
				LD_RUNPATH_SEARCH_PATHS = "$(inherited) @executable_path/Frameworks @loader_path/Frameworks";
				PRODUCT_BUNDLE_IDENTIFIER = com.codepath.tippyTests;
				PRODUCT_NAME = "$(TARGET_NAME)";
				TEST_HOST = "$(BUILT_PRODUCTS_DIR)/tippy.app/tippy";
			};
			name = Release;
		};
		FF2983BC1D10B18B008CD6C2 /* Debug */ = {
			isa = XCBuildConfiguration;
			buildSettings = {
				INFOPLIST_FILE = tippyUITests/Info.plist;
				LD_RUNPATH_SEARCH_PATHS = "$(inherited) @executable_path/Frameworks @loader_path/Frameworks";
				PRODUCT_BUNDLE_IDENTIFIER = com.codepath.tippyUITests;
				PRODUCT_NAME = "$(TARGET_NAME)";
				TEST_TARGET_NAME = tippy;
			};
			name = Debug;
		};
		FF2983BD1D10B18B008CD6C2 /* Release */ = {
			isa = XCBuildConfiguration;
			buildSettings = {
				INFOPLIST_FILE = tippyUITests/Info.plist;
				LD_RUNPATH_SEARCH_PATHS = "$(inherited) @executable_path/Frameworks @loader_path/Frameworks";
				PRODUCT_BUNDLE_IDENTIFIER = com.codepath.tippyUITests;
				PRODUCT_NAME = "$(TARGET_NAME)";
				TEST_TARGET_NAME = tippy;
			};
			name = Release;
		};
/* End XCBuildConfiguration section */

/* Begin XCConfigurationList section */
		FF2983881D10B18A008CD6C2 /* Build configuration list for PBXProject "tippy" */ = {
			isa = XCConfigurationList;
			buildConfigurations = (
				FF2983B31D10B18B008CD6C2 /* Debug */,
				FF2983B41D10B18B008CD6C2 /* Release */,
			);
			defaultConfigurationIsVisible = 0;
			defaultConfigurationName = Release;
		};
		FF2983B51D10B18B008CD6C2 /* Build configuration list for PBXNativeTarget "tippy" */ = {
			isa = XCConfigurationList;
			buildConfigurations = (
				FF2983B61D10B18B008CD6C2 /* Debug */,
				FF2983B71D10B18B008CD6C2 /* Release */,
			);
			defaultConfigurationIsVisible = 0;
		};
		FF2983B81D10B18B008CD6C2 /* Build configuration list for PBXNativeTarget "tippyTests" */ = {
			isa = XCConfigurationList;
			buildConfigurations = (
				FF2983B91D10B18B008CD6C2 /* Debug */,
				FF2983BA1D10B18B008CD6C2 /* Release */,
			);
			defaultConfigurationIsVisible = 0;
		};
		FF2983BB1D10B18B008CD6C2 /* Build configuration list for PBXNativeTarget "tippyUITests" */ = {
			isa = XCConfigurationList;
			buildConfigurations = (
				FF2983BC1D10B18B008CD6C2 /* Debug */,
				FF2983BD1D10B18B008CD6C2 /* Release */,
			);
			defaultConfigurationIsVisible = 0;
		};
/* End XCConfigurationList section */
	};
	rootObject = FF2983851D10B18A008CD6C2 /* Project object */;
}
